
Microsoft Visual Studio Solution File, Format Version 12.00
# Visual Studio Version 16
VisualStudioVersion = 16.0.31205.134
MinimumVisualStudioVersion = 10.0.40219.1
Project("{FAE04EC0-301F-11D3-BF4B-00C04F79EFBC}") = "FinalText410727975", "FinalText410727975\FinalText410727975.csproj", "{F27C4B8D-897E-4B18-B7B2-C8F1B3F2F43D}"
EndProject
Global
	GlobalSection(SolutionConfigurationPlatforms) = preSolution
		Debug|Any CPU = Debug|Any CPU
		Release|Any CPU = Release|Any CPU
	EndGlobalSection
	GlobalSection(ProjectConfigurationPlatforms) = postSolution
		{F27C4B8D-897E-4B18-B7B2-C8F1B3F2F43D}.Debug|Any CPU.ActiveCfg = Debug|Any CPU
		{F27C4B8D-897E-4B18-B7B2-C8F1B3F2F43D}.Debug|Any CPU.Build.0 = Debug|Any CPU
		{F27C4B8D-897E-4B18-B7B2-C8F1B3F2F43D}.Release|Any CPU.ActiveCfg = Release|Any CPU
		{F27C4B8D-897E-4B18-B7B2-C8F1B3F2F43D}.Release|Any CPU.Build.0 = Release|Any CPU
	EndGlobalSection
	GlobalSection(SolutionProperties) = preSolution
		HideSolutionNode = FALSE
	EndGlobalSection
	GlobalSection(ExtensibilityGlobals) = postSolution
		SolutionGuid = {81FF7A2F-338F-48E3-A99B-C3E77E13EA00}
	EndGlobalSection
EndGlobal
